
Microsoft Visual Studio Solution File, Format Version 12.00
# Visual Studio Version 16
VisualStudioVersion = 16.0.33801.447
MinimumVisualStudioVersion = 10.0.40219.1
Project("{2150E333-8FDC-42A3-9474-1A3956D46DE8}") = "Services", "Services", "{E4F3F802-950A-48FF-9237-26E988A1E54B}"
EndProject
Project("{2150E333-8FDC-42A3-9474-1A3956D46DE8}") = "Catalog", "Catalog", "{4973FC61-1101-4678-BDA4-5015BEF42F9B}"
EndProject
Project("{9A19103F-16F7-4668-BE54-9A1E7A4F7556}") = "Catalog.API", "Services\Catalog\Catalog.API\Catalog.API.csproj", "{4DDA57A1-AE47-4F5E-BDA7-4A19A27D3C9B}"
EndProject
Project("{E53339B2-1760-4266-BCC7-CA923CBCF16C}") = "docker-compose", "docker-compose.dcproj", "{3066BF46-507E-489E-8291-CF6EF8A6598A}"
EndProject
Project("{2150E333-8FDC-42A3-9474-1A3956D46DE8}") = "Basket", "Basket", "{276D056E-F979-4E1B-BC2B-3DE6E4444CEA}"
EndProject
Project("{9A19103F-16F7-4668-BE54-9A1E7A4F7556}") = "Basket.API", "Services\Basket\Basket.API\Basket.API.csproj", "{039E41E1-61FC-4D64-BEF5-872919F98871}"
EndProject
Project("{2150E333-8FDC-42A3-9474-1A3956D46DE8}") = "Discount", "Discount", "{046A8199-9A3D-43BB-AAB7-ECB317537E2A}"
EndProject
Project("{9A19103F-16F7-4668-BE54-9A1E7A4F7556}") = "Discount.API", "Services\Discount\Discount.API\Discount.API.csproj", "{C03C3E3A-CE40-4B58-826B-2487939BEFDE}"
EndProject
Project("{9A19103F-16F7-4668-BE54-9A1E7A4F7556}") = "Discount.Grpc", "Services\Discount\Discount.Grpc\Discount.Grpc.csproj", "{C3CCB289-1C7B-4C1A-AA45-C7FD3C190FCD}"
EndProject
Project("{2150E333-8FDC-42A3-9474-1A3956D46DE8}") = "Ordering", "Ordering", "{0A3B7918-685E-4489-993C-4A020D32E428}"
EndProject
Project("{FAE04EC0-301F-11D3-BF4B-00C04F79EFBC}") = "Ordering.API", "Services\Ordering\Ordering.API\Ordering.API.csproj", "{DF2308A2-17D7-4285-88BA-5DE7B1E5351F}"
EndProject
Project("{FAE04EC0-301F-11D3-BF4B-00C04F79EFBC}") = "Ordering.Domain", "Services\Ordering\Ordering.Domain\Ordering.Domain.csproj", "{03920727-BB29-48E1-91D6-B0C910ABA83D}"
EndProject
Project("{FAE04EC0-301F-11D3-BF4B-00C04F79EFBC}") = "Ordering.Application", "Services\Ordering\Ordering.Application\Ordering.Application.csproj", "{7AA64346-75BC-416E-9AA5-90891B63BC6C}"
EndProject
Project("{FAE04EC0-301F-11D3-BF4B-00C04F79EFBC}") = "Ordering.Infrastructure", "Services\Ordering\Ordering.Infrastructure\Ordering.Infrastructure.csproj", "{C836F8DF-E162-4AB1-B1B8-76C7E7F3C25C}"
EndProject
Global
	GlobalSection(SolutionConfigurationPlatforms) = preSolution
		Debug|Any CPU = Debug|Any CPU
		Release|Any CPU = Release|Any CPU
	EndGlobalSection
	GlobalSection(ProjectConfigurationPlatforms) = postSolution
		{4DDA57A1-AE47-4F5E-BDA7-4A19A27D3C9B}.Debug|Any CPU.ActiveCfg = Debug|Any CPU
		{4DDA57A1-AE47-4F5E-BDA7-4A19A27D3C9B}.Debug|Any CPU.Build.0 = Debug|Any CPU
		{4DDA57A1-AE47-4F5E-BDA7-4A19A27D3C9B}.Release|Any CPU.ActiveCfg = Release|Any CPU
		{4DDA57A1-AE47-4F5E-BDA7-4A19A27D3C9B}.Release|Any CPU.Build.0 = Release|Any CPU
		{3066BF46-507E-489E-8291-CF6EF8A6598A}.Debug|Any CPU.ActiveCfg = Debug|Any CPU
		{3066BF46-507E-489E-8291-CF6EF8A6598A}.Debug|Any CPU.Build.0 = Debug|Any CPU
		{3066BF46-507E-489E-8291-CF6EF8A6598A}.Release|Any CPU.ActiveCfg = Release|Any CPU
		{3066BF46-507E-489E-8291-CF6EF8A6598A}.Release|Any CPU.Build.0 = Release|Any CPU
		{039E41E1-61FC-4D64-BEF5-872919F98871}.Debug|Any CPU.ActiveCfg = Debug|Any CPU
		{039E41E1-61FC-4D64-BEF5-872919F98871}.Debug|Any CPU.Build.0 = Debug|Any CPU
		{039E41E1-61FC-4D64-BEF5-872919F98871}.Release|Any CPU.ActiveCfg = Release|Any CPU
		{039E41E1-61FC-4D64-BEF5-872919F98871}.Release|Any CPU.Build.0 = Release|Any CPU
		{C03C3E3A-CE40-4B58-826B-2487939BEFDE}.Debug|Any CPU.ActiveCfg = Debug|Any CPU
		{C03C3E3A-CE40-4B58-826B-2487939BEFDE}.Debug|Any CPU.Build.0 = Debug|Any CPU
		{C03C3E3A-CE40-4B58-826B-2487939BEFDE}.Release|Any CPU.ActiveCfg = Release|Any CPU
		{C03C3E3A-CE40-4B58-826B-2487939BEFDE}.Release|Any CPU.Build.0 = Release|Any CPU
		{C3CCB289-1C7B-4C1A-AA45-C7FD3C190FCD}.Debug|Any CPU.ActiveCfg = Debug|Any CPU
		{C3CCB289-1C7B-4C1A-AA45-C7FD3C190FCD}.Debug|Any CPU.Build.0 = Debug|Any CPU
		{C3CCB289-1C7B-4C1A-AA45-C7FD3C190FCD}.Release|Any CPU.ActiveCfg = Release|Any CPU
		{C3CCB289-1C7B-4C1A-AA45-C7FD3C190FCD}.Release|Any CPU.Build.0 = Release|Any CPU
		{DF2308A2-17D7-4285-88BA-5DE7B1E5351F}.Debug|Any CPU.ActiveCfg = Debug|Any CPU
		{DF2308A2-17D7-4285-88BA-5DE7B1E5351F}.Debug|Any CPU.Build.0 = Debug|Any CPU
		{DF2308A2-17D7-4285-88BA-5DE7B1E5351F}.Release|Any CPU.ActiveCfg = Release|Any CPU
		{DF2308A2-17D7-4285-88BA-5DE7B1E5351F}.Release|Any CPU.Build.0 = Release|Any CPU
		{03920727-BB29-48E1-91D6-B0C910ABA83D}.Debug|Any CPU.ActiveCfg = Debug|Any CPU
		{03920727-BB29-48E1-91D6-B0C910ABA83D}.Debug|Any CPU.Build.0 = Debug|Any CPU
		{03920727-BB29-48E1-91D6-B0C910ABA83D}.Release|Any CPU.ActiveCfg = Release|Any CPU
		{03920727-BB29-48E1-91D6-B0C910ABA83D}.Release|Any CPU.Build.0 = Release|Any CPU
		{7AA64346-75BC-416E-9AA5-90891B63BC6C}.Debug|Any CPU.ActiveCfg = Debug|Any CPU
		{7AA64346-75BC-416E-9AA5-90891B63BC6C}.Debug|Any CPU.Build.0 = Debug|Any CPU
		{7AA64346-75BC-416E-9AA5-90891B63BC6C}.Release|Any CPU.ActiveCfg = Release|Any CPU
		{7AA64346-75BC-416E-9AA5-90891B63BC6C}.Release|Any CPU.Build.0 = Release|Any CPU
		{C836F8DF-E162-4AB1-B1B8-76C7E7F3C25C}.Debug|Any CPU.ActiveCfg = Debug|Any CPU
		{C836F8DF-E162-4AB1-B1B8-76C7E7F3C25C}.Debug|Any CPU.Build.0 = Debug|Any CPU
		{C836F8DF-E162-4AB1-B1B8-76C7E7F3C25C}.Release|Any CPU.ActiveCfg = Release|Any CPU
		{C836F8DF-E162-4AB1-B1B8-76C7E7F3C25C}.Release|Any CPU.Build.0 = Release|Any CPU
	EndGlobalSection
	GlobalSection(SolutionProperties) = preSolution
		HideSolutionNode = FALSE
	EndGlobalSection
	GlobalSection(NestedProjects) = preSolution
		{4973FC61-1101-4678-BDA4-5015BEF42F9B} = {E4F3F802-950A-48FF-9237-26E988A1E54B}
		{4DDA57A1-AE47-4F5E-BDA7-4A19A27D3C9B} = {4973FC61-1101-4678-BDA4-5015BEF42F9B}
		{276D056E-F979-4E1B-BC2B-3DE6E4444CEA} = {E4F3F802-950A-48FF-9237-26E988A1E54B}
		{039E41E1-61FC-4D64-BEF5-872919F98871} = {276D056E-F979-4E1B-BC2B-3DE6E4444CEA}
		{046A8199-9A3D-43BB-AAB7-ECB317537E2A} = {E4F3F802-950A-48FF-9237-26E988A1E54B}
		{C03C3E3A-CE40-4B58-826B-2487939BEFDE} = {046A8199-9A3D-43BB-AAB7-ECB317537E2A}
		{C3CCB289-1C7B-4C1A-AA45-C7FD3C190FCD} = {046A8199-9A3D-43BB-AAB7-ECB317537E2A}
		{0A3B7918-685E-4489-993C-4A020D32E428} = {E4F3F802-950A-48FF-9237-26E988A1E54B}
		{DF2308A2-17D7-4285-88BA-5DE7B1E5351F} = {0A3B7918-685E-4489-993C-4A020D32E428}
		{03920727-BB29-48E1-91D6-B0C910ABA83D} = {0A3B7918-685E-4489-993C-4A020D32E428}
		{7AA64346-75BC-416E-9AA5-90891B63BC6C} = {0A3B7918-685E-4489-993C-4A020D32E428}
		{C836F8DF-E162-4AB1-B1B8-76C7E7F3C25C} = {0A3B7918-685E-4489-993C-4A020D32E428}
	EndGlobalSection
	GlobalSection(ExtensibilityGlobals) = postSolution
		SolutionGuid = {F73B1230-0354-4D59-9F2F-C8EF1502AC5E}
	EndGlobalSection
EndGlobal
